// !$*UTF8*$!
{
	archiveVersion = 1;
	classes = {
	};
	objectVersion = 50;
	objects = {

/* Begin PBXBuildFile section */
		1E6628962208C697006939C8 /* AppDelegate.m in Sources */ = {isa = PBXBuildFile; fileRef = 1E6628952208C697006939C8 /* AppDelegate.m */; };
		1E66289E2208C698006939C8 /* Assets.xcassets in Resources */ = {isa = PBXBuildFile; fileRef = 1E66289D2208C698006939C8 /* Assets.xcassets */; };
		1E6628A12208C698006939C8 /* LaunchScreen.storyboard in Resources */ = {isa = PBXBuildFile; fileRef = 1E66289F2208C698006939C8 /* LaunchScreen.storyboard */; };
		1E6628A42208C698006939C8 /* main.m in Sources */ = {isa = PBXBuildFile; fileRef = 1E6628A32208C698006939C8 /* main.m */; };
		1E6628B72208C9AA006939C8 /* InfoViewController.m in Sources */ = {isa = PBXBuildFile; fileRef = 1E6628B62208C9AA006939C8 /* InfoViewController.m */; };
		1E6628BA2208C9B7006939C8 /* PairsViewController.m in Sources */ = {isa = PBXBuildFile; fileRef = 1E6628B92208C9B7006939C8 /* PairsViewController.m */; };
		1E6628BF2208C9E8006939C8 /* PairTableViewCell.m in Sources */ = {isa = PBXBuildFile; fileRef = 1E6628BE2208C9E8006939C8 /* PairTableViewCell.m */; };
		1E6628C22208CA03006939C8 /* Pair.m in Sources */ = {isa = PBXBuildFile; fileRef = 1E6628C12208CA03006939C8 /* Pair.m */; };
		1E6628C52208CB62006939C8 /* Service.m in Sources */ = {isa = PBXBuildFile; fileRef = 1E6628C42208CB62006939C8 /* Service.m */; };
		1E6628C92208D39C006939C8 /* PairListFooterView.m in Sources */ = {isa = PBXBuildFile; fileRef = 1E6628C82208D39C006939C8 /* PairListFooterView.m */; };
		1E6628CC2208DAA6006939C8 /* Api.m in Sources */ = {isa = PBXBuildFile; fileRef = 1E6628CB2208DAA6006939C8 /* Api.m */; };
		1E6628CF2208F2FE006939C8 /* Alerts.m in Sources */ = {isa = PBXBuildFile; fileRef = 1E6628CE2208F2FE006939C8 /* Alerts.m */; };
/* End PBXBuildFile section */

/* Begin PBXFileReference section */
		1E6628912208C697006939C8 /* Currate.app */ = {isa = PBXFileReference; explicitFileType = wrapper.application; includeInIndex = 0; path = Currate.app; sourceTree = BUILT_PRODUCTS_DIR; };
		1E6628942208C697006939C8 /* AppDelegate.h */ = {isa = PBXFileReference; lastKnownFileType = sourcecode.c.h; path = AppDelegate.h; sourceTree = "<group>"; };
		1E6628952208C697006939C8 /* AppDelegate.m */ = {isa = PBXFileReference; lastKnownFileType = sourcecode.c.objc; path = AppDelegate.m; sourceTree = "<group>"; };
		1E66289D2208C698006939C8 /* Assets.xcassets */ = {isa = PBXFileReference; lastKnownFileType = folder.assetcatalog; path = Assets.xcassets; sourceTree = "<group>"; };
		1E6628A02208C698006939C8 /* Base */ = {isa = PBXFileReference; lastKnownFileType = file.storyboard; name = Base; path = Base.lproj/LaunchScreen.storyboard; sourceTree = "<group>"; };
		1E6628A22208C698006939C8 /* Info.plist */ = {isa = PBXFileReference; lastKnownFileType = text.plist.xml; path = Info.plist; sourceTree = "<group>"; };
		1E6628A32208C698006939C8 /* main.m */ = {isa = PBXFileReference; lastKnownFileType = sourcecode.c.objc; path = main.m; sourceTree = "<group>"; };
		1E6628B52208C9AA006939C8 /* InfoViewController.h */ = {isa = PBXFileReference; lastKnownFileType = sourcecode.c.h; path = InfoViewController.h; sourceTree = "<group>"; };
		1E6628B62208C9AA006939C8 /* InfoViewController.m */ = {isa = PBXFileReference; lastKnownFileType = sourcecode.c.objc; path = InfoViewController.m; sourceTree = "<group>"; };
		1E6628B82208C9B7006939C8 /* PairsViewController.h */ = {isa = PBXFileReference; lastKnownFileType = sourcecode.c.h; path = PairsViewController.h; sourceTree = "<group>"; };
		1E6628B92208C9B7006939C8 /* PairsViewController.m */ = {isa = PBXFileReference; lastKnownFileType = sourcecode.c.objc; path = PairsViewController.m; sourceTree = "<group>"; };
		1E6628BD2208C9E8006939C8 /* PairTableViewCell.h */ = {isa = PBXFileReference; lastKnownFileType = sourcecode.c.h; path = PairTableViewCell.h; sourceTree = "<group>"; };
		1E6628BE2208C9E8006939C8 /* PairTableViewCell.m */ = {isa = PBXFileReference; lastKnownFileType = sourcecode.c.objc; path = PairTableViewCell.m; sourceTree = "<group>"; };
		1E6628C02208CA03006939C8 /* Pair.h */ = {isa = PBXFileReference; lastKnownFileType = sourcecode.c.h; path = Pair.h; sourceTree = "<group>"; };
		1E6628C12208CA03006939C8 /* Pair.m */ = {isa = PBXFileReference; lastKnownFileType = sourcecode.c.objc; path = Pair.m; sourceTree = "<group>"; };
		1E6628C32208CB62006939C8 /* Service.h */ = {isa = PBXFileReference; lastKnownFileType = sourcecode.c.h; path = Service.h; sourceTree = "<group>"; };
		1E6628C42208CB62006939C8 /* Service.m */ = {isa = PBXFileReference; lastKnownFileType = sourcecode.c.objc; path = Service.m; sourceTree = "<group>"; };
		1E6628C72208D39C006939C8 /* PairListFooterView.h */ = {isa = PBXFileReference; lastKnownFileType = sourcecode.c.h; path = PairListFooterView.h; sourceTree = "<group>"; };
		1E6628C82208D39C006939C8 /* PairListFooterView.m */ = {isa = PBXFileReference; lastKnownFileType = sourcecode.c.objc; path = PairListFooterView.m; sourceTree = "<group>"; };
		1E6628CA2208DAA6006939C8 /* Api.h */ = {isa = PBXFileReference; lastKnownFileType = sourcecode.c.h; path = Api.h; sourceTree = "<group>"; };
		1E6628CB2208DAA6006939C8 /* Api.m */ = {isa = PBXFileReference; lastKnownFileType = sourcecode.c.objc; path = Api.m; sourceTree = "<group>"; };
		1E6628CD2208F2FE006939C8 /* Alerts.h */ = {isa = PBXFileReference; lastKnownFileType = sourcecode.c.h; path = Alerts.h; sourceTree = "<group>"; };
		1E6628CE2208F2FE006939C8 /* Alerts.m */ = {isa = PBXFileReference; lastKnownFileType = sourcecode.c.objc; path = Alerts.m; sourceTree = "<group>"; };
/* End PBXFileReference section */

/* Begin PBXFrameworksBuildPhase section */
		1E66288E2208C697006939C8 /* Frameworks */ = {
			isa = PBXFrameworksBuildPhase;
			buildActionMask = 2147483647;
			files = (
			);
			runOnlyForDeploymentPostprocessing = 0;
		};
/* End PBXFrameworksBuildPhase section */

/* Begin PBXGroup section */
		1E6628882208C697006939C8 = {
			isa = PBXGroup;
			children = (
				1E6628932208C697006939C8 /* Currate */,
				1E6628922208C697006939C8 /* Products */,
			);
			sourceTree = "<group>";
		};
		1E6628922208C697006939C8 /* Products */ = {
			isa = PBXGroup;
			children = (
				1E6628912208C697006939C8 /* Currate.app */,
			);
			name = Products;
			sourceTree = "<group>";
		};
		1E6628932208C697006939C8 /* Currate */ = {
			isa = PBXGroup;
			children = (
				1E6628AF2208C7BC006939C8 /* GUI */,
				1E6628AA2208C791006939C8 /* Models */,
				1E6628942208C697006939C8 /* AppDelegate.h */,
				1E6628952208C697006939C8 /* AppDelegate.m */,
				1E6628C32208CB62006939C8 /* Service.h */,
				1E6628C42208CB62006939C8 /* Service.m */,
				1E6628CA2208DAA6006939C8 /* Api.h */,
				1E6628CB2208DAA6006939C8 /* Api.m */,
				1E6628CD2208F2FE006939C8 /* Alerts.h */,
				1E6628CE2208F2FE006939C8 /* Alerts.m */,
				1E66289D2208C698006939C8 /* Assets.xcassets */,
				1E66289F2208C698006939C8 /* LaunchScreen.storyboard */,
				1E6628A22208C698006939C8 /* Info.plist */,
				1E6628A32208C698006939C8 /* main.m */,
			);
			path = Currate;
			sourceTree = "<group>";
		};
		1E6628AA2208C791006939C8 /* Models */ = {
			isa = PBXGroup;
			children = (
				1E6628C02208CA03006939C8 /* Pair.h */,
				1E6628C12208CA03006939C8 /* Pair.m */,
			);
			path = Models;
			sourceTree = "<group>";
		};
		1E6628AF2208C7BC006939C8 /* GUI */ = {
			isa = PBXGroup;
			children = (
				1E6628BB2208C9C8006939C8 /* CustomUI */,
				1E6628B02208C954006939C8 /* Controllers */,
			);
			path = GUI;
			sourceTree = "<group>";
		};
		1E6628B02208C954006939C8 /* Controllers */ = {
			isa = PBXGroup;
			children = (
				1E6628B42208C983006939C8 /* Info */,
				1E6628B32208C97E006939C8 /* Pairs */,
			);
			path = Controllers;
			sourceTree = "<group>";
		};
		1E6628B32208C97E006939C8 /* Pairs */ = {
			isa = PBXGroup;
			children = (
				1E6628B82208C9B7006939C8 /* PairsViewController.h */,
				1E6628B92208C9B7006939C8 /* PairsViewController.m */,
			);
			path = Pairs;
			sourceTree = "<group>";
		};
		1E6628B42208C983006939C8 /* Info */ = {
			isa = PBXGroup;
			children = (
				1E6628B52208C9AA006939C8 /* InfoViewController.h */,
				1E6628B62208C9AA006939C8 /* InfoViewController.m */,
			);
			path = Info;
			sourceTree = "<group>";
		};
		1E6628BB2208C9C8006939C8 /* CustomUI */ = {
			isa = PBXGroup;
			children = (
				1E6628C62208D363006939C8 /* Views */,
				1E6628BC2208C9D0006939C8 /* Cells */,
			);
			path = CustomUI;
			sourceTree = "<group>";
		};
		1E6628BC2208C9D0006939C8 /* Cells */ = {
			isa = PBXGroup;
			children = (
				1E6628BD2208C9E8006939C8 /* PairTableViewCell.h */,
				1E6628BE2208C9E8006939C8 /* PairTableViewCell.m */,
			);
			path = Cells;
			sourceTree = "<group>";
		};
		1E6628C62208D363006939C8 /* Views */ = {
			isa = PBXGroup;
			children = (
				1E6628C72208D39C006939C8 /* PairListFooterView.h */,
				1E6628C82208D39C006939C8 /* PairListFooterView.m */,
			);
			path = Views;
			sourceTree = "<group>";
		};
/* End PBXGroup section */

/* Begin PBXNativeTarget section */
		1E6628902208C697006939C8 /* Currate */ = {
			isa = PBXNativeTarget;
			buildConfigurationList = 1E6628A72208C698006939C8 /* Build configuration list for PBXNativeTarget "Currate" */;
			buildPhases = (
				1E66288D2208C697006939C8 /* Sources */,
				1E66288E2208C697006939C8 /* Frameworks */,
				1E66288F2208C697006939C8 /* Resources */,
			);
			buildRules = (
			);
			dependencies = (
			);
			name = Currate;
			productName = Currate;
			productReference = 1E6628912208C697006939C8 /* Currate.app */;
			productType = "com.apple.product-type.application";
		};
/* End PBXNativeTarget section */

/* Begin PBXProject section */
		1E6628892208C697006939C8 /* Project object */ = {
			isa = PBXProject;
			attributes = {
				LastUpgradeCheck = 1010;
				ORGANIZATIONNAME = "Eugene Vegner";
				TargetAttributes = {
					1E6628902208C697006939C8 = {
						CreatedOnToolsVersion = 10.1;
					};
				};
			};
			buildConfigurationList = 1E66288C2208C697006939C8 /* Build configuration list for PBXProject "Currate" */;
			compatibilityVersion = "Xcode 9.3";
			developmentRegion = en;
			hasScannedForEncodings = 0;
			knownRegions = (
				en,
				Base,
			);
			mainGroup = 1E6628882208C697006939C8;
			productRefGroup = 1E6628922208C697006939C8 /* Products */;
			projectDirPath = "";
			projectRoot = "";
			targets = (
				1E6628902208C697006939C8 /* Currate */,
			);
		};
/* End PBXProject section */

/* Begin PBXResourcesBuildPhase section */
		1E66288F2208C697006939C8 /* Resources */ = {
			isa = PBXResourcesBuildPhase;
			buildActionMask = 2147483647;
			files = (
				1E6628A12208C698006939C8 /* LaunchScreen.storyboard in Resources */,
				1E66289E2208C698006939C8 /* Assets.xcassets in Resources */,
			);
			runOnlyForDeploymentPostprocessing = 0;
		};
/* End PBXResourcesBuildPhase section */

/* Begin PBXSourcesBuildPhase section */
		1E66288D2208C697006939C8 /* Sources */ = {
			isa = PBXSourcesBuildPhase;
			buildActionMask = 2147483647;
			files = (
				1E6628A42208C698006939C8 /* main.m in Sources */,
				1E6628B72208C9AA006939C8 /* InfoViewController.m in Sources */,
				1E6628CF2208F2FE006939C8 /* Alerts.m in Sources */,
				1E6628BA2208C9B7006939C8 /* PairsViewController.m in Sources */,
				1E6628C22208CA03006939C8 /* Pair.m in Sources */,
				1E6628C52208CB62006939C8 /* Service.m in Sources */,
				1E6628C92208D39C006939C8 /* PairListFooterView.m in Sources */,
				1E6628CC2208DAA6006939C8 /* Api.m in Sources */,
				1E6628BF2208C9E8006939C8 /* PairTableViewCell.m in Sources */,
				1E6628962208C697006939C8 /* AppDelegate.m in Sources */,
			);
			runOnlyForDeploymentPostprocessing = 0;
		};
/* End PBXSourcesBuildPhase section */

/* Begin PBXVariantGroup section */
		1E66289F2208C698006939C8 /* LaunchScreen.storyboard */ = {
			isa = PBXVariantGroup;
			children = (
				1E6628A02208C698006939C8 /* Base */,
			);
			name = LaunchScreen.storyboard;
			sourceTree = "<group>";
		};
/* End PBXVariantGroup section */

/* Begin XCBuildConfiguration section */
		1E6628A52208C698006939C8 /* Debug */ = {
			isa = XCBuildConfiguration;
			buildSettings = {
				ALWAYS_SEARCH_USER_PATHS = NO;
				CLANG_ANALYZER_NONNULL = YES;
				CLANG_ANALYZER_NUMBER_OBJECT_CONVERSION = YES_AGGRESSIVE;
				CLANG_CXX_LANGUAGE_STANDARD = "gnu++14";
				CLANG_CXX_LIBRARY = "libc++";
				CLANG_ENABLE_MODULES = YES;
				CLANG_ENABLE_OBJC_ARC = YES;
				CLANG_ENABLE_OBJC_WEAK = YES;
				CLANG_WARN_BLOCK_CAPTURE_AUTORELEASING = YES;
				CLANG_WARN_BOOL_CONVERSION = YES;
				CLANG_WARN_COMMA = YES;
				CLANG_WARN_CONSTANT_CONVERSION = YES;
				CLANG_WARN_DEPRECATED_OBJC_IMPLEMENTATIONS = YES;
				CLANG_WARN_DIRECT_OBJC_ISA_USAGE = YES_ERROR;
				CLANG_WARN_DOCUMENTATION_COMMENTS = YES;
				CLANG_WARN_EMPTY_BODY = YES;
				CLANG_WARN_ENUM_CONVERSION = YES;
				CLANG_WARN_INFINITE_RECURSION = YES;
				CLANG_WARN_INT_CONVERSION = YES;
				CLANG_WARN_NON_LITERAL_NULL_CONVERSION = YES;
				CLANG_WARN_OBJC_IMPLICIT_RETAIN_SELF = YES;
				CLANG_WARN_OBJC_LITERAL_CONVERSION = YES;
				CLANG_WARN_OBJC_ROOT_CLASS = YES_ERROR;
				CLANG_WARN_RANGE_LOOP_ANALYSIS = YES;
				CLANG_WARN_STRICT_PROTOTYPES = YES;
				CLANG_WARN_SUSPICIOUS_MOVE = YES;
				CLANG_WARN_UNGUARDED_AVAILABILITY = YES_AGGRESSIVE;
				CLANG_WARN_UNREACHABLE_CODE = YES;
				CLANG_WARN__DUPLICATE_METHOD_MATCH = YES;
				CODE_SIGN_IDENTITY = "iPhone Developer";
				COPY_PHASE_STRIP = NO;
				DEBUG_INFORMATION_FORMAT = dwarf;
				ENABLE_STRICT_OBJC_MSGSEND = YES;
				ENABLE_TESTABILITY = YES;
				GCC_C_LANGUAGE_STANDARD = gnu11;
				GCC_DYNAMIC_NO_PIC = NO;
				GCC_NO_COMMON_BLOCKS = YES;
				GCC_OPTIMIZATION_LEVEL = 0;
				GCC_PREPROCESSOR_DEFINITIONS = (
					"DEBUG=1",
					"$(inherited)",
				);
				GCC_WARN_64_TO_32_BIT_CONVERSION = YES;
				GCC_WARN_ABOUT_RETURN_TYPE = YES_ERROR;
				GCC_WARN_UNDECLARED_SELECTOR = YES;
				GCC_WARN_UNINITIALIZED_AUTOS = YES_AGGRESSIVE;
				GCC_WARN_UNUSED_FUNCTION = YES;
				GCC_WARN_UNUSED_VARIABLE = YES;
				IPHONEOS_DEPLOYMENT_TARGET = 12.1;
				MTL_ENABLE_DEBUG_INFO = INCLUDE_SOURCE;
				MTL_FAST_MATH = YES;
				ONLY_ACTIVE_ARCH = YES;
				SDKROOT = iphoneos;
			};
			name = Debug;
		};
		1E6628A62208C698006939C8 /* Release */ = {
			isa = XCBuildConfiguration;
			buildSettings = {
				ALWAYS_SEARCH_USER_PATHS = NO;
				CLANG_ANALYZER_NONNULL = YES;
				CLANG_ANALYZER_NUMBER_OBJECT_CONVERSION = YES_AGGRESSIVE;
				CLANG_CXX_LANGUAGE_STANDARD = "gnu++14";
				CLANG_CXX_LIBRARY = "libc++";
				CLANG_ENABLE_MODULES = YES;
				CLANG_ENABLE_OBJC_ARC = YES;
				CLANG_ENABLE_OBJC_WEAK = YES;
				CLANG_WARN_BLOCK_CAPTURE_AUTORELEASING = YES;
				CLANG_WARN_BOOL_CONVERSION = YES;
				CLANG_WARN_COMMA = YES;
				CLANG_WARN_CONSTANT_CONVERSION = YES;
				CLANG_WARN_DEPRECATED_OBJC_IMPLEMENTATIONS = YES;
				CLANG_WARN_DIRECT_OBJC_ISA_USAGE = YES_ERROR;
				CLANG_WARN_DOCUMENTATION_COMMENTS = YES;
				CLANG_WARN_EMPTY_BODY = YES;
				CLANG_WARN_ENUM_CONVERSION = YES;
				CLANG_WARN_INFINITE_RECURSION = YES;
				CLANG_WARN_INT_CONVERSION = YES;
				CLANG_WARN_NON_LITERAL_NULL_CONVERSION = YES;
				CLANG_WARN_OBJC_IMPLICIT_RETAIN_SELF = YES;
				CLANG_WARN_OBJC_LITERAL_CONVERSION = YES;
				CLANG_WARN_OBJC_ROOT_CLASS = YES_ERROR;
				CLANG_WARN_RANGE_LOOP_ANALYSIS = YES;
				CLANG_WARN_STRICT_PROTOTYPES = YES;
				CLANG_WARN_SUSPICIOUS_MOVE = YES;
				CLANG_WARN_UNGUARDED_AVAILABILITY = YES_AGGRESSIVE;
				CLANG_WARN_UNREACHABLE_CODE = YES;
				CLANG_WARN__DUPLICATE_METHOD_MATCH = YES;
				CODE_SIGN_IDENTITY = "iPhone Developer";
				COPY_PHASE_STRIP = NO;
				DEBUG_INFORMATION_FORMAT = "dwarf-with-dsym";
				ENABLE_NS_ASSERTIONS = NO;
				ENABLE_STRICT_OBJC_MSGSEND = YES;
				GCC_C_LANGUAGE_STANDARD = gnu11;
				GCC_NO_COMMON_BLOCKS = YES;
				GCC_WARN_64_TO_32_BIT_CONVERSION = YES;
				GCC_WARN_ABOUT_RETURN_TYPE = YES_ERROR;
				GCC_WARN_UNDECLARED_SELECTOR = YES;
				GCC_WARN_UNINITIALIZED_AUTOS = YES_AGGRESSIVE;
				GCC_WARN_UNUSED_FUNCTION = YES;
				GCC_WARN_UNUSED_VARIABLE = YES;
				IPHONEOS_DEPLOYMENT_TARGET = 12.1;
				MTL_ENABLE_DEBUG_INFO = NO;
				MTL_FAST_MATH = YES;
				SDKROOT = iphoneos;
				VALIDATE_PRODUCT = YES;
			};
			name = Release;
		};
		1E6628A82208C698006939C8 /* Debug */ = {
			isa = XCBuildConfiguration;
			buildSettings = {
				ASSETCATALOG_COMPILER_APPICON_NAME = AppIcon;
				CODE_SIGN_STYLE = Automatic;
				INFOPLIST_FILE = Currate/Info.plist;
				IPHONEOS_DEPLOYMENT_TARGET = 10.0;
				LD_RUNPATH_SEARCH_PATHS = (
					"$(inherited)",
					"@executable_path/Frameworks",
				);
				PRODUCT_BUNDLE_IDENTIFIER = com.test.Currate;
				PRODUCT_NAME = "$(TARGET_NAME)";
				TARGETED_DEVICE_FAMILY = "1,2";
			};
			name = Debug;
		};
		1E6628A92208C698006939C8 /* Release */ = {
			isa = XCBuildConfiguration;
			buildSettings = {
				ASSETCATALOG_COMPILER_APPICON_NAME = AppIcon;
				CODE_SIGN_STYLE = Automatic;
				INFOPLIST_FILE = Currate/Info.plist;
				IPHONEOS_DEPLOYMENT_TARGET = 10.0;
				LD_RUNPATH_SEARCH_PATHS = (
					"$(inherited)",
					"@executable_path/Frameworks",
				);
				PRODUCT_BUNDLE_IDENTIFIER = com.test.Currate;
				PRODUCT_NAME = "$(TARGET_NAME)";
				TARGETED_DEVICE_FAMILY = "1,2";
			};
			name = Release;
		};
/* End XCBuildConfiguration section */

/* Begin XCConfigurationList section */
		1E66288C2208C697006939C8 /* Build configuration list for PBXProject "Currate" */ = {
			isa = XCConfigurationList;
			buildConfigurations = (
				1E6628A52208C698006939C8 /* Debug */,
				1E6628A62208C698006939C8 /* Release */,
			);
			defaultConfigurationIsVisible = 0;
			defaultConfigurationName = Release;
		};
		1E6628A72208C698006939C8 /* Build configuration list for PBXNativeTarget "Currate" */ = {
			isa = XCConfigurationList;
			buildConfigurations = (
				1E6628A82208C698006939C8 /* Debug */,
				1E6628A92208C698006939C8 /* Release */,
			);
			defaultConfigurationIsVisible = 0;
			defaultConfigurationName = Release;
		};
/* End XCConfigurationList section */
	};
	rootObject = 1E6628892208C697006939C8 /* Project object */;
}
